// !$*UTF8*$!
{
	archiveVersion = 1;
	classes = {
	};
	objectVersion = 56;
	objects = {

/* Begin PBXBuildFile section */
		24979F132C7287D4003450C2 /* springasurpriseApp.swift in Sources */ = {isa = PBXBuildFile; fileRef = 24979F122C7287D4003450C2 /* springasurpriseApp.swift */; };
		24979F152C7287D4003450C2 /* ContentView.swift in Sources */ = {isa = PBXBuildFile; fileRef = 24979F142C7287D4003450C2 /* ContentView.swift */; };
		24979F172C7287D5003450C2 /* Assets.xcassets in Resources */ = {isa = PBXBuildFile; fileRef = 24979F162C7287D5003450C2 /* Assets.xcassets */; };
		24979F1A2C7287D5003450C2 /* Preview Assets.xcassets in Resources */ = {isa = PBXBuildFile; fileRef = 24979F192C7287D5003450C2 /* Preview Assets.xcassets */; };
		24979F2D2C72882F003450C2 /* Montserrat-Italic-VariableFont_wght.ttf in Resources */ = {isa = PBXBuildFile; fileRef = 24979F212C72882F003450C2 /* Montserrat-Italic-VariableFont_wght.ttf */; };
		24979F2E2C72882F003450C2 /* Montserrat-VariableFont_wght.ttf in Resources */ = {isa = PBXBuildFile; fileRef = 24979F222C72882F003450C2 /* Montserrat-VariableFont_wght.ttf */; };
		24979F2F2C72882F003450C2 /* Lato-Italic.ttf in Resources */ = {isa = PBXBuildFile; fileRef = 24979F232C72882F003450C2 /* Lato-Italic.ttf */; };
		24979F302C72882F003450C2 /* Lato-BlackItalic.ttf in Resources */ = {isa = PBXBuildFile; fileRef = 24979F242C72882F003450C2 /* Lato-BlackItalic.ttf */; };
		24979F312C72882F003450C2 /* Lato-ThinItalic.ttf in Resources */ = {isa = PBXBuildFile; fileRef = 24979F252C72882F003450C2 /* Lato-ThinItalic.ttf */; };
		24979F322C72882F003450C2 /* Lato-BoldItalic.ttf in Resources */ = {isa = PBXBuildFile; fileRef = 24979F262C72882F003450C2 /* Lato-BoldItalic.ttf */; };
		24979F332C72882F003450C2 /* Lato-Black.ttf in Resources */ = {isa = PBXBuildFile; fileRef = 24979F272C72882F003450C2 /* Lato-Black.ttf */; };
		24979F342C72882F003450C2 /* Lato-LightItalic.ttf in Resources */ = {isa = PBXBuildFile; fileRef = 24979F282C72882F003450C2 /* Lato-LightItalic.ttf */; };
		24979F352C72882F003450C2 /* Lato-Light.ttf in Resources */ = {isa = PBXBuildFile; fileRef = 24979F292C72882F003450C2 /* Lato-Light.ttf */; };
		24979F362C72882F003450C2 /* Lato-Regular.ttf in Resources */ = {isa = PBXBuildFile; fileRef = 24979F2A2C72882F003450C2 /* Lato-Regular.ttf */; };
		24979F372C72882F003450C2 /* Lato-Thin.ttf in Resources */ = {isa = PBXBuildFile; fileRef = 24979F2B2C72882F003450C2 /* Lato-Thin.ttf */; };
		24979F382C72882F003450C2 /* Lato-Bold.ttf in Resources */ = {isa = PBXBuildFile; fileRef = 24979F2C2C72882F003450C2 /* Lato-Bold.ttf */; };
		24979F3B2C728EF2003450C2 /* SpringySections.swift in Sources */ = {isa = PBXBuildFile; fileRef = 24979F3A2C728EF2003450C2 /* SpringySections.swift */; };
/* End PBXBuildFile section */

/* Begin PBXFileReference section */
		24979F0F2C7287D4003450C2 /* springasurprise.app */ = {isa = PBXFileReference; explicitFileType = wrapper.application; includeInIndex = 0; path = springasurprise.app; sourceTree = BUILT_PRODUCTS_DIR; };
		24979F122C7287D4003450C2 /* springasurpriseApp.swift */ = {isa = PBXFileReference; lastKnownFileType = sourcecode.swift; path = springasurpriseApp.swift; sourceTree = "<group>"; };
		24979F142C7287D4003450C2 /* ContentView.swift */ = {isa = PBXFileReference; lastKnownFileType = sourcecode.swift; path = ContentView.swift; sourceTree = "<group>"; };
		24979F162C7287D5003450C2 /* Assets.xcassets */ = {isa = PBXFileReference; lastKnownFileType = folder.assetcatalog; path = Assets.xcassets; sourceTree = "<group>"; };
		24979F192C7287D5003450C2 /* Preview Assets.xcassets */ = {isa = PBXFileReference; lastKnownFileType = folder.assetcatalog; path = "Preview Assets.xcassets"; sourceTree = "<group>"; };
		24979F212C72882F003450C2 /* Montserrat-Italic-VariableFont_wght.ttf */ = {isa = PBXFileReference; lastKnownFileType = file; path = "Montserrat-Italic-VariableFont_wght.ttf"; sourceTree = "<group>"; };
		24979F222C72882F003450C2 /* Montserrat-VariableFont_wght.ttf */ = {isa = PBXFileReference; lastKnownFileType = file; path = "Montserrat-VariableFont_wght.ttf"; sourceTree = "<group>"; };
		24979F232C72882F003450C2 /* Lato-Italic.ttf */ = {isa = PBXFileReference; lastKnownFileType = file; path = "Lato-Italic.ttf"; sourceTree = "<group>"; };
		24979F242C72882F003450C2 /* Lato-BlackItalic.ttf */ = {isa = PBXFileReference; lastKnownFileType = file; path = "Lato-BlackItalic.ttf"; sourceTree = "<group>"; };
		24979F252C72882F003450C2 /* Lato-ThinItalic.ttf */ = {isa = PBXFileReference; lastKnownFileType = file; path = "Lato-ThinItalic.ttf"; sourceTree = "<group>"; };
		24979F262C72882F003450C2 /* Lato-BoldItalic.ttf */ = {isa = PBXFileReference; lastKnownFileType = file; path = "Lato-BoldItalic.ttf"; sourceTree = "<group>"; };
		24979F272C72882F003450C2 /* Lato-Black.ttf */ = {isa = PBXFileReference; lastKnownFileType = file; path = "Lato-Black.ttf"; sourceTree = "<group>"; };
		24979F282C72882F003450C2 /* Lato-LightItalic.ttf */ = {isa = PBXFileReference; lastKnownFileType = file; path = "Lato-LightItalic.ttf"; sourceTree = "<group>"; };
		24979F292C72882F003450C2 /* Lato-Light.ttf */ = {isa = PBXFileReference; lastKnownFileType = file; path = "Lato-Light.ttf"; sourceTree = "<group>"; };
		24979F2A2C72882F003450C2 /* Lato-Regular.ttf */ = {isa = PBXFileReference; lastKnownFileType = file; path = "Lato-Regular.ttf"; sourceTree = "<group>"; };
		24979F2B2C72882F003450C2 /* Lato-Thin.ttf */ = {isa = PBXFileReference; lastKnownFileType = file; path = "Lato-Thin.ttf"; sourceTree = "<group>"; };
		24979F2C2C72882F003450C2 /* Lato-Bold.ttf */ = {isa = PBXFileReference; lastKnownFileType = file; path = "Lato-Bold.ttf"; sourceTree = "<group>"; };
		24979F392C728854003450C2 /* Info.plist */ = {isa = PBXFileReference; lastKnownFileType = text.plist; path = Info.plist; sourceTree = "<group>"; };
		24979F3A2C728EF2003450C2 /* SpringySections.swift */ = {isa = PBXFileReference; lastKnownFileType = sourcecode.swift; path = SpringySections.swift; sourceTree = "<group>"; };
/* End PBXFileReference section */

/* Begin PBXFrameworksBuildPhase section */
		24979F0C2C7287D4003450C2 /* Frameworks */ = {
			isa = PBXFrameworksBuildPhase;
			buildActionMask = 2147483647;
			files = (
			);
			runOnlyForDeploymentPostprocessing = 0;
		};
/* End PBXFrameworksBuildPhase section */

/* Begin PBXGroup section */
		24979F062C7287D3003450C2 = {
			isa = PBXGroup;
			children = (
				24979F112C7287D4003450C2 /* springasurprise */,
				24979F102C7287D4003450C2 /* Products */,
			);
			sourceTree = "<group>";
		};
		24979F102C7287D4003450C2 /* Products */ = {
			isa = PBXGroup;
			children = (
				24979F0F2C7287D4003450C2 /* springasurprise.app */,
			);
			name = Products;
			sourceTree = "<group>";
		};
		24979F112C7287D4003450C2 /* springasurprise */ = {
			isa = PBXGroup;
			children = (
				24979F392C728854003450C2 /* Info.plist */,
				24979F202C728813003450C2 /* Font */,
				24979F122C7287D4003450C2 /* springasurpriseApp.swift */,
				24979F142C7287D4003450C2 /* ContentView.swift */,
				24979F162C7287D5003450C2 /* Assets.xcassets */,
				24979F182C7287D5003450C2 /* Preview Content */,
				24979F3A2C728EF2003450C2 /* SpringySections.swift */,
			);
			path = springasurprise;
			sourceTree = "<group>";
		};
		24979F182C7287D5003450C2 /* Preview Content */ = {
			isa = PBXGroup;
			children = (
				24979F192C7287D5003450C2 /* Preview Assets.xcassets */,
			);
			path = "Preview Content";
			sourceTree = "<group>";
		};
		24979F202C728813003450C2 /* Font */ = {
			isa = PBXGroup;
			children = (
				24979F272C72882F003450C2 /* Lato-Black.ttf */,
				24979F242C72882F003450C2 /* Lato-BlackItalic.ttf */,
				24979F2C2C72882F003450C2 /* Lato-Bold.ttf */,
				24979F262C72882F003450C2 /* Lato-BoldItalic.ttf */,
				24979F232C72882F003450C2 /* Lato-Italic.ttf */,
				24979F292C72882F003450C2 /* Lato-Light.ttf */,
				24979F282C72882F003450C2 /* Lato-LightItalic.ttf */,
				24979F2A2C72882F003450C2 /* Lato-Regular.ttf */,
				24979F2B2C72882F003450C2 /* Lato-Thin.ttf */,
				24979F252C72882F003450C2 /* Lato-ThinItalic.ttf */,
				24979F212C72882F003450C2 /* Montserrat-Italic-VariableFont_wght.ttf */,
				24979F222C72882F003450C2 /* Montserrat-VariableFont_wght.ttf */,
			);
			path = Font;
			sourceTree = "<group>";
		};
/* End PBXGroup section */

/* Begin PBXNativeTarget section */
		24979F0E2C7287D4003450C2 /* springasurprise */ = {
			isa = PBXNativeTarget;
			buildConfigurationList = 24979F1D2C7287D5003450C2 /* Build configuration list for PBXNativeTarget "springasurprise" */;
			buildPhases = (
				24979F0B2C7287D4003450C2 /* Sources */,
				24979F0C2C7287D4003450C2 /* Frameworks */,
				24979F0D2C7287D4003450C2 /* Resources */,
			);
			buildRules = (
			);
			dependencies = (
			);
			name = springasurprise;
			productName = springasurprise;
			productReference = 24979F0F2C7287D4003450C2 /* springasurprise.app */;
			productType = "com.apple.product-type.application";
		};
/* End PBXNativeTarget section */

/* Begin PBXProject section */
		24979F072C7287D3003450C2 /* Project object */ = {
			isa = PBXProject;
			attributes = {
				BuildIndependentTargetsInParallel = 1;
				LastSwiftUpdateCheck = 1510;
				LastUpgradeCheck = 1510;
				TargetAttributes = {
					24979F0E2C7287D4003450C2 = {
						CreatedOnToolsVersion = 15.1;
					};
				};
			};
			buildConfigurationList = 24979F0A2C7287D3003450C2 /* Build configuration list for PBXProject "springasurprise" */;
			compatibilityVersion = "Xcode 14.0";
			developmentRegion = en;
			hasScannedForEncodings = 0;
			knownRegions = (
				en,
				Base,
			);
			mainGroup = 24979F062C7287D3003450C2;
			productRefGroup = 24979F102C7287D4003450C2 /* Products */;
			projectDirPath = "";
			projectRoot = "";
			targets = (
				24979F0E2C7287D4003450C2 /* springasurprise */,
			);
		};
/* End PBXProject section */

/* Begin PBXResourcesBuildPhase section */
		24979F0D2C7287D4003450C2 /* Resources */ = {
			isa = PBXResourcesBuildPhase;
			buildActionMask = 2147483647;
			files = (
				24979F2F2C72882F003450C2 /* Lato-Italic.ttf in Resources */,
				24979F342C72882F003450C2 /* Lato-LightItalic.ttf in Resources */,
				24979F332C72882F003450C2 /* Lato-Black.ttf in Resources */,
				24979F352C72882F003450C2 /* Lato-Light.ttf in Resources */,
				24979F312C72882F003450C2 /* Lato-ThinItalic.ttf in Resources */,
				24979F2E2C72882F003450C2 /* Montserrat-VariableFont_wght.ttf in Resources */,
				24979F322C72882F003450C2 /* Lato-BoldItalic.ttf in Resources */,
				24979F382C72882F003450C2 /* Lato-Bold.ttf in Resources */,
				24979F362C72882F003450C2 /* Lato-Regular.ttf in Resources */,
				24979F302C72882F003450C2 /* Lato-BlackItalic.ttf in Resources */,
				24979F1A2C7287D5003450C2 /* Preview Assets.xcassets in Resources */,
				24979F2D2C72882F003450C2 /* Montserrat-Italic-VariableFont_wght.ttf in Resources */,
				24979F172C7287D5003450C2 /* Assets.xcassets in Resources */,
				24979F372C72882F003450C2 /* Lato-Thin.ttf in Resources */,
			);
			runOnlyForDeploymentPostprocessing = 0;
		};
/* End PBXResourcesBuildPhase section */

/* Begin PBXSourcesBuildPhase section */
		24979F0B2C7287D4003450C2 /* Sources */ = {
			isa = PBXSourcesBuildPhase;
			buildActionMask = 2147483647;
			files = (
				24979F3B2C728EF2003450C2 /* SpringySections.swift in Sources */,
				24979F152C7287D4003450C2 /* ContentView.swift in Sources */,
				24979F132C7287D4003450C2 /* springasurpriseApp.swift in Sources */,
			);
			runOnlyForDeploymentPostprocessing = 0;
		};
/* End PBXSourcesBuildPhase section */

/* Begin XCBuildConfiguration section */
		24979F1B2C7287D5003450C2 /* Debug */ = {
			isa = XCBuildConfiguration;
			buildSettings = {
				ALWAYS_SEARCH_USER_PATHS = NO;
				ASSETCATALOG_COMPILER_GENERATE_SWIFT_ASSET_SYMBOL_EXTENSIONS = YES;
				CLANG_ANALYZER_NONNULL = YES;
				CLANG_ANALYZER_NUMBER_OBJECT_CONVERSION = YES_AGGRESSIVE;
				CLANG_CXX_LANGUAGE_STANDARD = "gnu++20";
				CLANG_ENABLE_MODULES = YES;
				CLANG_ENABLE_OBJC_ARC = YES;
				CLANG_ENABLE_OBJC_WEAK = YES;
				CLANG_WARN_BLOCK_CAPTURE_AUTORELEASING = YES;
				CLANG_WARN_BOOL_CONVERSION = YES;
				CLANG_WARN_COMMA = YES;
				CLANG_WARN_CONSTANT_CONVERSION = YES;
				CLANG_WARN_DEPRECATED_OBJC_IMPLEMENTATIONS = YES;
				CLANG_WARN_DIRECT_OBJC_ISA_USAGE = YES_ERROR;
				CLANG_WARN_DOCUMENTATION_COMMENTS = YES;
				CLANG_WARN_EMPTY_BODY = YES;
				CLANG_WARN_ENUM_CONVERSION = YES;
				CLANG_WARN_INFINITE_RECURSION = YES;
				CLANG_WARN_INT_CONVERSION = YES;
				CLANG_WARN_NON_LITERAL_NULL_CONVERSION = YES;
				CLANG_WARN_OBJC_IMPLICIT_RETAIN_SELF = YES;
				CLANG_WARN_OBJC_LITERAL_CONVERSION = YES;
				CLANG_WARN_OBJC_ROOT_CLASS = YES_ERROR;
				CLANG_WARN_QUOTED_INCLUDE_IN_FRAMEWORK_HEADER = YES;
				CLANG_WARN_RANGE_LOOP_ANALYSIS = YES;
				CLANG_WARN_STRICT_PROTOTYPES = YES;
				CLANG_WARN_SUSPICIOUS_MOVE = YES;
				CLANG_WARN_UNGUARDED_AVAILABILITY = YES_AGGRESSIVE;
				CLANG_WARN_UNREACHABLE_CODE = YES;
				CLANG_WARN__DUPLICATE_METHOD_MATCH = YES;
				COPY_PHASE_STRIP = NO;
				DEBUG_INFORMATION_FORMAT = dwarf;
				ENABLE_STRICT_OBJC_MSGSEND = YES;
				ENABLE_TESTABILITY = YES;
				ENABLE_USER_SCRIPT_SANDBOXING = YES;
				GCC_C_LANGUAGE_STANDARD = gnu17;
				GCC_DYNAMIC_NO_PIC = NO;
				GCC_NO_COMMON_BLOCKS = YES;
				GCC_OPTIMIZATION_LEVEL = 0;
				GCC_PREPROCESSOR_DEFINITIONS = (
					"DEBUG=1",
					"$(inherited)",
				);
				GCC_WARN_64_TO_32_BIT_CONVERSION = YES;
				GCC_WARN_ABOUT_RETURN_TYPE = YES_ERROR;
				GCC_WARN_UNDECLARED_SELECTOR = YES;
				GCC_WARN_UNINITIALIZED_AUTOS = YES_AGGRESSIVE;
				GCC_WARN_UNUSED_FUNCTION = YES;
				GCC_WARN_UNUSED_VARIABLE = YES;
				IPHONEOS_DEPLOYMENT_TARGET = 17.2;
				LOCALIZATION_PREFERS_STRING_CATALOGS = YES;
				MTL_ENABLE_DEBUG_INFO = INCLUDE_SOURCE;
				MTL_FAST_MATH = YES;
				ONLY_ACTIVE_ARCH = YES;
				SDKROOT = iphoneos;
				SWIFT_ACTIVE_COMPILATION_CONDITIONS = "DEBUG $(inherited)";
				SWIFT_OPTIMIZATION_LEVEL = "-Onone";
			};
			name = Debug;
		};
		24979F1C2C7287D5003450C2 /* Release */ = {
			isa = XCBuildConfiguration;
			buildSettings = {
				ALWAYS_SEARCH_USER_PATHS = NO;
				ASSETCATALOG_COMPILER_GENERATE_SWIFT_ASSET_SYMBOL_EXTENSIONS = YES;
				CLANG_ANALYZER_NONNULL = YES;
				CLANG_ANALYZER_NUMBER_OBJECT_CONVERSION = YES_AGGRESSIVE;
				CLANG_CXX_LANGUAGE_STANDARD = "gnu++20";
				CLANG_ENABLE_MODULES = YES;
				CLANG_ENABLE_OBJC_ARC = YES;
				CLANG_ENABLE_OBJC_WEAK = YES;
				CLANG_WARN_BLOCK_CAPTURE_AUTORELEASING = YES;
				CLANG_WARN_BOOL_CONVERSION = YES;
				CLANG_WARN_COMMA = YES;
				CLANG_WARN_CONSTANT_CONVERSION = YES;
				CLANG_WARN_DEPRECATED_OBJC_IMPLEMENTATIONS = YES;
				CLANG_WARN_DIRECT_OBJC_ISA_USAGE = YES_ERROR;
				CLANG_WARN_DOCUMENTATION_COMMENTS = YES;
				CLANG_WARN_EMPTY_BODY = YES;
				CLANG_WARN_ENUM_CONVERSION = YES;
				CLANG_WARN_INFINITE_RECURSION = YES;
				CLANG_WARN_INT_CONVERSION = YES;
				CLANG_WARN_NON_LITERAL_NULL_CONVERSION = YES;
				CLANG_WARN_OBJC_IMPLICIT_RETAIN_SELF = YES;
				CLANG_WARN_OBJC_LITERAL_CONVERSION = YES;
				CLANG_WARN_OBJC_ROOT_CLASS = YES_ERROR;
				CLANG_WARN_QUOTED_INCLUDE_IN_FRAMEWORK_HEADER = YES;
				CLANG_WARN_RANGE_LOOP_ANALYSIS = YES;
				CLANG_WARN_STRICT_PROTOTYPES = YES;
				CLANG_WARN_SUSPICIOUS_MOVE = YES;
				CLANG_WARN_UNGUARDED_AVAILABILITY = YES_AGGRESSIVE;
				CLANG_WARN_UNREACHABLE_CODE = YES;
				CLANG_WARN__DUPLICATE_METHOD_MATCH = YES;
				COPY_PHASE_STRIP = NO;
				DEBUG_INFORMATION_FORMAT = "dwarf-with-dsym";
				ENABLE_NS_ASSERTIONS = NO;
				ENABLE_STRICT_OBJC_MSGSEND = YES;
				ENABLE_USER_SCRIPT_SANDBOXING = YES;
				GCC_C_LANGUAGE_STANDARD = gnu17;
				GCC_NO_COMMON_BLOCKS = YES;
				GCC_WARN_64_TO_32_BIT_CONVERSION = YES;
				GCC_WARN_ABOUT_RETURN_TYPE = YES_ERROR;
				GCC_WARN_UNDECLARED_SELECTOR = YES;
				GCC_WARN_UNINITIALIZED_AUTOS = YES_AGGRESSIVE;
				GCC_WARN_UNUSED_FUNCTION = YES;
				GCC_WARN_UNUSED_VARIABLE = YES;
				IPHONEOS_DEPLOYMENT_TARGET = 17.2;
				LOCALIZATION_PREFERS_STRING_CATALOGS = YES;
				MTL_ENABLE_DEBUG_INFO = NO;
				MTL_FAST_MATH = YES;
				SDKROOT = iphoneos;
				SWIFT_COMPILATION_MODE = wholemodule;
				VALIDATE_PRODUCT = YES;
			};
			name = Release;
		};
		24979F1E2C7287D5003450C2 /* Debug */ = {
			isa = XCBuildConfiguration;
			buildSettings = {
				ASSETCATALOG_COMPILER_APPICON_NAME = AppIcon;
				ASSETCATALOG_COMPILER_GLOBAL_ACCENT_COLOR_NAME = AccentColor;
				CODE_SIGN_STYLE = Automatic;
				CURRENT_PROJECT_VERSION = 1;
				DEVELOPMENT_ASSET_PATHS = "\"springasurprise/Preview Content\"";
				DEVELOPMENT_TEAM = CUNTYGF2SQ;
				ENABLE_PREVIEWS = YES;
				GENERATE_INFOPLIST_FILE = YES;
				INFOPLIST_FILE = springasurprise/Info.plist;
				INFOPLIST_KEY_UIApplicationSceneManifest_Generation = YES;
				INFOPLIST_KEY_UIApplicationSupportsIndirectInputEvents = YES;
				INFOPLIST_KEY_UILaunchScreen_Generation = YES;
				INFOPLIST_KEY_UISupportedInterfaceOrientations_iPad = "UIInterfaceOrientationPortrait UIInterfaceOrientationPortraitUpsideDown UIInterfaceOrientationLandscapeLeft UIInterfaceOrientationLandscapeRight";
				INFOPLIST_KEY_UISupportedInterfaceOrientations_iPhone = "UIInterfaceOrientationPortrait UIInterfaceOrientationLandscapeLeft UIInterfaceOrientationLandscapeRight";
				LD_RUNPATH_SEARCH_PATHS = (
					"$(inherited)",
					"@executable_path/Frameworks",
				);
				MARKETING_VERSION = 1.0;
				PRODUCT_BUNDLE_IDENTIFIER = com.rajayogan.springasurprise;
				PRODUCT_NAME = "$(TARGET_NAME)";
				SWIFT_EMIT_LOC_STRINGS = YES;
				SWIFT_VERSION = 5.0;
				TARGETED_DEVICE_FAMILY = "1,2";
			};
			name = Debug;
		};
		24979F1F2C7287D5003450C2 /* Release */ = {
			isa = XCBuildConfiguration;
			buildSettings = {
				ASSETCATALOG_COMPILER_APPICON_NAME = AppIcon;
				ASSETCATALOG_COMPILER_GLOBAL_ACCENT_COLOR_NAME = AccentColor;
				CODE_SIGN_STYLE = Automatic;
				CURRENT_PROJECT_VERSION = 1;
				DEVELOPMENT_ASSET_PATHS = "\"springasurprise/Preview Content\"";
				DEVELOPMENT_TEAM = CUNTYGF2SQ;
				ENABLE_PREVIEWS = YES;
				GENERATE_INFOPLIST_FILE = YES;
				INFOPLIST_FILE = springasurprise/Info.plist;
				INFOPLIST_KEY_UIApplicationSceneManifest_Generation = YES;
				INFOPLIST_KEY_UIApplicationSupportsIndirectInputEvents = YES;
				INFOPLIST_KEY_UILaunchScreen_Generation = YES;
				INFOPLIST_KEY_UISupportedInterfaceOrientations_iPad = "UIInterfaceOrientationPortrait UIInterfaceOrientationPortraitUpsideDown UIInterfaceOrientationLandscapeLeft UIInterfaceOrientationLandscapeRight";
				INFOPLIST_KEY_UISupportedInterfaceOrientations_iPhone = "UIInterfaceOrientationPortrait UIInterfaceOrientationLandscapeLeft UIInterfaceOrientationLandscapeRight";
				LD_RUNPATH_SEARCH_PATHS = (
					"$(inherited)",
					"@executable_path/Frameworks",
				);
				MARKETING_VERSION = 1.0;
				PRODUCT_BUNDLE_IDENTIFIER = com.rajayogan.springasurprise;
				PRODUCT_NAME = "$(TARGET_NAME)";
				SWIFT_EMIT_LOC_STRINGS = YES;
				SWIFT_VERSION = 5.0;
				TARGETED_DEVICE_FAMILY = "1,2";
			};
			name = Release;
		};
/* End XCBuildConfiguration section */

/* Begin XCConfigurationList section */
		24979F0A2C7287D3003450C2 /* Build configuration list for PBXProject "springasurprise" */ = {
			isa = XCConfigurationList;
			buildConfigurations = (
				24979F1B2C7287D5003450C2 /* Debug */,
				24979F1C2C7287D5003450C2 /* Release */,
			);
			defaultConfigurationIsVisible = 0;
			defaultConfigurationName = Release;
		};
		24979F1D2C7287D5003450C2 /* Build configuration list for PBXNativeTarget "springasurprise" */ = {
			isa = XCConfigurationList;
			buildConfigurations = (
				24979F1E2C7287D5003450C2 /* Debug */,
				24979F1F2C7287D5003450C2 /* Release */,
			);
			defaultConfigurationIsVisible = 0;
			defaultConfigurationName = Release;
		};
/* End XCConfigurationList section */
	};
	rootObject = 24979F072C7287D3003450C2 /* Project object */;
}
